// !$*UTF8*$!
{
	archiveVersion = 1;
	classes = {
	};
	objectVersion = 46;
	objects = {

/* Begin PBXBuildFile section */
		19A3F1051DE81D7500BACDDC /* Extensions.swift in Sources */ = {isa = PBXBuildFile; fileRef = 19A3F1041DE81D7500BACDDC /* Extensions.swift */; };
		19A3F11D1DE82C2900BACDDC /* DayLog+CoreDataClass.swift in Sources */ = {isa = PBXBuildFile; fileRef = 19A3F11B1DE82C2900BACDDC /* DayLog+CoreDataClass.swift */; };
		19A3F11E1DE82C2900BACDDC /* DayLog+CoreDataProperties.swift in Sources */ = {isa = PBXBuildFile; fileRef = 19A3F11C1DE82C2900BACDDC /* DayLog+CoreDataProperties.swift */; };
		19E8D1C91DE6A85A00C2258A /* AppDelegate.swift in Sources */ = {isa = PBXBuildFile; fileRef = 19E8D1C81DE6A85A00C2258A /* AppDelegate.swift */; };
		19E8D1CE1DE6A85A00C2258A /* Main.storyboard in Resources */ = {isa = PBXBuildFile; fileRef = 19E8D1CC1DE6A85A00C2258A /* Main.storyboard */; };
		19E8D1D11DE6A85A00C2258A /* Weitful.xcdatamodeld in Sources */ = {isa = PBXBuildFile; fileRef = 19E8D1CF1DE6A85A00C2258A /* Weitful.xcdatamodeld */; };
		19E8D1D31DE6A85A00C2258A /* Assets.xcassets in Resources */ = {isa = PBXBuildFile; fileRef = 19E8D1D21DE6A85A00C2258A /* Assets.xcassets */; };
		19E8D1D61DE6A85A00C2258A /* LaunchScreen.storyboard in Resources */ = {isa = PBXBuildFile; fileRef = 19E8D1D41DE6A85A00C2258A /* LaunchScreen.storyboard */; };
		19E8D1DE1DE6B4DB00C2258A /* MainVC.swift in Sources */ = {isa = PBXBuildFile; fileRef = 19E8D1DD1DE6B4DB00C2258A /* MainVC.swift */; };
		19E8D1E01DE6B4E800C2258A /* LogVC.swift in Sources */ = {isa = PBXBuildFile; fileRef = 19E8D1DF1DE6B4E800C2258A /* LogVC.swift */; };
		19E8D1E21DE6B4F400C2258A /* ReflectVC.swift in Sources */ = {isa = PBXBuildFile; fileRef = 19E8D1E11DE6B4F400C2258A /* ReflectVC.swift */; };
		19E8D1E41DE6B54B00C2258A /* LogCell.swift in Sources */ = {isa = PBXBuildFile; fileRef = 19E8D1E31DE6B54B00C2258A /* LogCell.swift */; };
/* End PBXBuildFile section */

/* Begin PBXFileReference section */
		19A3F1041DE81D7500BACDDC /* Extensions.swift */ = {isa = PBXFileReference; fileEncoding = 4; lastKnownFileType = sourcecode.swift; path = Extensions.swift; sourceTree = "<group>"; };
		19A3F11B1DE82C2900BACDDC /* DayLog+CoreDataClass.swift */ = {isa = PBXFileReference; fileEncoding = 4; lastKnownFileType = sourcecode.swift; name = "DayLog+CoreDataClass.swift"; path = "../DayLog+CoreDataClass.swift"; sourceTree = "<group>"; };
		19A3F11C1DE82C2900BACDDC /* DayLog+CoreDataProperties.swift */ = {isa = PBXFileReference; fileEncoding = 4; lastKnownFileType = sourcecode.swift; name = "DayLog+CoreDataProperties.swift"; path = "../DayLog+CoreDataProperties.swift"; sourceTree = "<group>"; };
		19E8D1C51DE6A85A00C2258A /* Weitful.app */ = {isa = PBXFileReference; explicitFileType = wrapper.application; includeInIndex = 0; path = Weitful.app; sourceTree = BUILT_PRODUCTS_DIR; };
		19E8D1C81DE6A85A00C2258A /* AppDelegate.swift */ = {isa = PBXFileReference; lastKnownFileType = sourcecode.swift; path = AppDelegate.swift; sourceTree = "<group>"; };
		19E8D1CD1DE6A85A00C2258A /* Base */ = {isa = PBXFileReference; lastKnownFileType = file.storyboard; name = Base; path = Base.lproj/Main.storyboard; sourceTree = "<group>"; };
		19E8D1D01DE6A85A00C2258A /* Weitful.xcdatamodel */ = {isa = PBXFileReference; lastKnownFileType = wrapper.xcdatamodel; path = Weitful.xcdatamodel; sourceTree = "<group>"; };
		19E8D1D21DE6A85A00C2258A /* Assets.xcassets */ = {isa = PBXFileReference; lastKnownFileType = folder.assetcatalog; path = Assets.xcassets; sourceTree = "<group>"; };
		19E8D1D51DE6A85A00C2258A /* Base */ = {isa = PBXFileReference; lastKnownFileType = file.storyboard; name = Base; path = Base.lproj/LaunchScreen.storyboard; sourceTree = "<group>"; };
		19E8D1D71DE6A85A00C2258A /* Info.plist */ = {isa = PBXFileReference; lastKnownFileType = text.plist.xml; path = Info.plist; sourceTree = "<group>"; };
		19E8D1DD1DE6B4DB00C2258A /* MainVC.swift */ = {isa = PBXFileReference; fileEncoding = 4; lastKnownFileType = sourcecode.swift; path = MainVC.swift; sourceTree = "<group>"; };
		19E8D1DF1DE6B4E800C2258A /* LogVC.swift */ = {isa = PBXFileReference; fileEncoding = 4; lastKnownFileType = sourcecode.swift; path = LogVC.swift; sourceTree = "<group>"; };
		19E8D1E11DE6B4F400C2258A /* ReflectVC.swift */ = {isa = PBXFileReference; fileEncoding = 4; lastKnownFileType = sourcecode.swift; path = ReflectVC.swift; sourceTree = "<group>"; };
		19E8D1E31DE6B54B00C2258A /* LogCell.swift */ = {isa = PBXFileReference; fileEncoding = 4; lastKnownFileType = sourcecode.swift; path = LogCell.swift; sourceTree = "<group>"; };
/* End PBXFileReference section */

/* Begin PBXFrameworksBuildPhase section */
		19E8D1C21DE6A85A00C2258A /* Frameworks */ = {
			isa = PBXFrameworksBuildPhase;
			buildActionMask = 2147483647;
			files = (
			);
			runOnlyForDeploymentPostprocessing = 0;
		};
/* End PBXFrameworksBuildPhase section */

/* Begin PBXGroup section */
		19A3F0F71DE777F200BACDDC /* Private */ = {
			isa = PBXGroup;
			children = (
			);
			name = Private;
			sourceTree = "<group>";
		};
		19E8D1BC1DE6A85A00C2258A = {
			isa = PBXGroup;
			children = (
				19E8D1C71DE6A85A00C2258A /* Weitful */,
				19E8D1C61DE6A85A00C2258A /* Products */,
			);
			sourceTree = "<group>";
		};
		19E8D1C61DE6A85A00C2258A /* Products */ = {
			isa = PBXGroup;
			children = (
				19E8D1C51DE6A85A00C2258A /* Weitful.app */,
			);
			name = Products;
			sourceTree = "<group>";
		};
		19E8D1C71DE6A85A00C2258A /* Weitful */ = {
			isa = PBXGroup;
			children = (
				19E8D1CF1DE6A85A00C2258A /* Weitful.xcdatamodeld */,
				19E8D1EC1DE7618000C2258A /* Other */,
				19E8D1E91DE7614D00C2258A /* Model */,
				19E8D1EA1DE7616E00C2258A /* View */,
				19E8D1EB1DE7617500C2258A /* Controller */,
			);
			path = Weitful;
			sourceTree = "<group>";
		};
		19E8D1E91DE7614D00C2258A /* Model */ = {
			isa = PBXGroup;
			children = (
				19A3F11B1DE82C2900BACDDC /* DayLog+CoreDataClass.swift */,
				19A3F11C1DE82C2900BACDDC /* DayLog+CoreDataProperties.swift */,
				19A3F1041DE81D7500BACDDC /* Extensions.swift */,
				19A3F0F71DE777F200BACDDC /* Private */,
			);
			name = Model;
			sourceTree = "<group>";
		};
		19E8D1EA1DE7616E00C2258A /* View */ = {
			isa = PBXGroup;
			children = (
				19E8D1CC1DE6A85A00C2258A /* Main.storyboard */,
				19E8D1E31DE6B54B00C2258A /* LogCell.swift */,
			);
			name = View;
			sourceTree = "<group>";
		};
		19E8D1EB1DE7617500C2258A /* Controller */ = {
			isa = PBXGroup;
			children = (
				19E8D1DF1DE6B4E800C2258A /* LogVC.swift */,
				19E8D1DD1DE6B4DB00C2258A /* MainVC.swift */,
				19E8D1E11DE6B4F400C2258A /* ReflectVC.swift */,
			);
			name = Controller;
			sourceTree = "<group>";
		};
		19E8D1EC1DE7618000C2258A /* Other */ = {
			isa = PBXGroup;
			children = (
				19E8D1C81DE6A85A00C2258A /* AppDelegate.swift */,
				19E8D1D21DE6A85A00C2258A /* Assets.xcassets */,
				19E8D1D41DE6A85A00C2258A /* LaunchScreen.storyboard */,
				19E8D1D71DE6A85A00C2258A /* Info.plist */,
			);
			name = Other;
			sourceTree = "<group>";
		};
/* End PBXGroup section */

/* Begin PBXNativeTarget section */
		19E8D1C41DE6A85A00C2258A /* Weitful */ = {
			isa = PBXNativeTarget;
			buildConfigurationList = 19E8D1DA1DE6A85A00C2258A /* Build configuration list for PBXNativeTarget "Weitful" */;
			buildPhases = (
				19E8D1C11DE6A85A00C2258A /* Sources */,
				19E8D1C21DE6A85A00C2258A /* Frameworks */,
				19E8D1C31DE6A85A00C2258A /* Resources */,
			);
			buildRules = (
			);
			dependencies = (
			);
			name = Weitful;
			productName = Weitful;
			productReference = 19E8D1C51DE6A85A00C2258A /* Weitful.app */;
			productType = "com.apple.product-type.application";
		};
/* End PBXNativeTarget section */

/* Begin PBXProject section */
		19E8D1BD1DE6A85A00C2258A /* Project object */ = {
			isa = PBXProject;
			attributes = {
				LastSwiftUpdateCheck = 0810;
				LastUpgradeCheck = 0810;
				ORGANIZATIONNAME = "Julia Miller";
				TargetAttributes = {
					19E8D1C41DE6A85A00C2258A = {
						CreatedOnToolsVersion = 8.1;
						DevelopmentTeam = NSX3E7ME62;
						LastSwiftMigration = 0810;
						ProvisioningStyle = Automatic;
					};
				};
			};
			buildConfigurationList = 19E8D1C01DE6A85A00C2258A /* Build configuration list for PBXProject "Weitful" */;
			compatibilityVersion = "Xcode 3.2";
			developmentRegion = English;
			hasScannedForEncodings = 0;
			knownRegions = (
				en,
				Base,
			);
			mainGroup = 19E8D1BC1DE6A85A00C2258A;
			productRefGroup = 19E8D1C61DE6A85A00C2258A /* Products */;
			projectDirPath = "";
			projectRoot = "";
			targets = (
				19E8D1C41DE6A85A00C2258A /* Weitful */,
			);
		};
/* End PBXProject section */

/* Begin PBXResourcesBuildPhase section */
		19E8D1C31DE6A85A00C2258A /* Resources */ = {
			isa = PBXResourcesBuildPhase;
			buildActionMask = 2147483647;
			files = (
				19E8D1D61DE6A85A00C2258A /* LaunchScreen.storyboard in Resources */,
				19E8D1D31DE6A85A00C2258A /* Assets.xcassets in Resources */,
				19E8D1CE1DE6A85A00C2258A /* Main.storyboard in Resources */,
			);
			runOnlyForDeploymentPostprocessing = 0;
		};
/* End PBXResourcesBuildPhase section */

/* Begin PBXSourcesBuildPhase section */
		19E8D1C11DE6A85A00C2258A /* Sources */ = {
			isa = PBXSourcesBuildPhase;
			buildActionMask = 2147483647;
			files = (
				19E8D1D11DE6A85A00C2258A /* Weitful.xcdatamodeld in Sources */,
				19A3F11D1DE82C2900BACDDC /* DayLog+CoreDataClass.swift in Sources */,
				19A3F1051DE81D7500BACDDC /* Extensions.swift in Sources */,
				19E8D1E01DE6B4E800C2258A /* LogVC.swift in Sources */,
				19E8D1E41DE6B54B00C2258A /* LogCell.swift in Sources */,
				19E8D1E21DE6B4F400C2258A /* ReflectVC.swift in Sources */,
				19E8D1DE1DE6B4DB00C2258A /* MainVC.swift in Sources */,
				19E8D1C91DE6A85A00C2258A /* AppDelegate.swift in Sources */,
				19A3F11E1DE82C2900BACDDC /* DayLog+CoreDataProperties.swift in Sources */,
			);
			runOnlyForDeploymentPostprocessing = 0;
		};
/* End PBXSourcesBuildPhase section */

/* Begin PBXVariantGroup section */
		19E8D1CC1DE6A85A00C2258A /* Main.storyboard */ = {
			isa = PBXVariantGroup;
			children = (
				19E8D1CD1DE6A85A00C2258A /* Base */,
			);
			name = Main.storyboard;
			sourceTree = "<group>";
		};
		19E8D1D41DE6A85A00C2258A /* LaunchScreen.storyboard */ = {
			isa = PBXVariantGroup;
			children = (
				19E8D1D51DE6A85A00C2258A /* Base */,
			);
			name = LaunchScreen.storyboard;
			sourceTree = "<group>";
		};
/* End PBXVariantGroup section */

/* Begin XCBuildConfiguration section */
		19E8D1D81DE6A85A00C2258A /* Debug */ = {
			isa = XCBuildConfiguration;
			buildSettings = {
				ALWAYS_SEARCH_USER_PATHS = NO;
				CLANG_ANALYZER_NONNULL = YES;
				CLANG_CXX_LANGUAGE_STANDARD = "gnu++0x";
				CLANG_CXX_LIBRARY = "libc++";
				CLANG_ENABLE_MODULES = YES;
				CLANG_ENABLE_OBJC_ARC = YES;
				CLANG_WARN_BOOL_CONVERSION = YES;
				CLANG_WARN_CONSTANT_CONVERSION = YES;
				CLANG_WARN_DIRECT_OBJC_ISA_USAGE = YES_ERROR;
				CLANG_WARN_DOCUMENTATION_COMMENTS = YES;
				CLANG_WARN_EMPTY_BODY = YES;
				CLANG_WARN_ENUM_CONVERSION = YES;
				CLANG_WARN_INFINITE_RECURSION = YES;
				CLANG_WARN_INT_CONVERSION = YES;
				CLANG_WARN_OBJC_ROOT_CLASS = YES_ERROR;
				CLANG_WARN_SUSPICIOUS_MOVES = YES;
				CLANG_WARN_UNREACHABLE_CODE = YES;
				CLANG_WARN__DUPLICATE_METHOD_MATCH = YES;
				"CODE_SIGN_IDENTITY[sdk=iphoneos*]" = "iPhone Developer";
				COPY_PHASE_STRIP = NO;
				DEBUG_INFORMATION_FORMAT = dwarf;
				ENABLE_STRICT_OBJC_MSGSEND = YES;
				ENABLE_TESTABILITY = YES;
				GCC_C_LANGUAGE_STANDARD = gnu99;
				GCC_DYNAMIC_NO_PIC = NO;
				GCC_NO_COMMON_BLOCKS = YES;
				GCC_OPTIMIZATION_LEVEL = 0;
				GCC_PREPROCESSOR_DEFINITIONS = (
					"DEBUG=1",
					"$(inherited)",
				);
				GCC_WARN_64_TO_32_BIT_CONVERSION = YES;
				GCC_WARN_ABOUT_RETURN_TYPE = YES_ERROR;
				GCC_WARN_UNDECLARED_SELECTOR = YES;
				GCC_WARN_UNINITIALIZED_AUTOS = YES_AGGRESSIVE;
				GCC_WARN_UNUSED_FUNCTION = YES;
				GCC_WARN_UNUSED_VARIABLE = YES;
				IPHONEOS_DEPLOYMENT_TARGET = 10.1;
				MTL_ENABLE_DEBUG_INFO = YES;
				ONLY_ACTIVE_ARCH = YES;
				SDKROOT = iphoneos;
				SWIFT_ACTIVE_COMPILATION_CONDITIONS = DEBUG;
				SWIFT_OPTIMIZATION_LEVEL = "-Onone";
			};
			name = Debug;
		};
		19E8D1D91DE6A85A00C2258A /* Release */ = {
			isa = XCBuildConfiguration;
			buildSettings = {
				ALWAYS_SEARCH_USER_PATHS = NO;
				CLANG_ANALYZER_NONNULL = YES;
				CLANG_CXX_LANGUAGE_STANDARD = "gnu++0x";
				CLANG_CXX_LIBRARY = "libc++";
				CLANG_ENABLE_MODULES = YES;
				CLANG_ENABLE_OBJC_ARC = YES;
				CLANG_WARN_BOOL_CONVERSION = YES;
				CLANG_WARN_CONSTANT_CONVERSION = YES;
				CLANG_WARN_DIRECT_OBJC_ISA_USAGE = YES_ERROR;
				CLANG_WARN_DOCUMENTATION_COMMENTS = YES;
				CLANG_WARN_EMPTY_BODY = YES;
				CLANG_WARN_ENUM_CONVERSION = YES;
				CLANG_WARN_INFINITE_RECURSION = YES;
				CLANG_WARN_INT_CONVERSION = YES;
				CLANG_WARN_OBJC_ROOT_CLASS = YES_ERROR;
				CLANG_WARN_SUSPICIOUS_MOVES = YES;
				CLANG_WARN_UNREACHABLE_CODE = YES;
				CLANG_WARN__DUPLICATE_METHOD_MATCH = YES;
				"CODE_SIGN_IDENTITY[sdk=iphoneos*]" = "iPhone Developer";
				COPY_PHASE_STRIP = NO;
				DEBUG_INFORMATION_FORMAT = "dwarf-with-dsym";
				ENABLE_NS_ASSERTIONS = NO;
				ENABLE_STRICT_OBJC_MSGSEND = YES;
				GCC_C_LANGUAGE_STANDARD = gnu99;
				GCC_NO_COMMON_BLOCKS = YES;
				GCC_WARN_64_TO_32_BIT_CONVERSION = YES;
				GCC_WARN_ABOUT_RETURN_TYPE = YES_ERROR;
				GCC_WARN_UNDECLARED_SELECTOR = YES;
				GCC_WARN_UNINITIALIZED_AUTOS = YES_AGGRESSIVE;
				GCC_WARN_UNUSED_FUNCTION = YES;
				GCC_WARN_UNUSED_VARIABLE = YES;
				IPHONEOS_DEPLOYMENT_TARGET = 10.1;
				MTL_ENABLE_DEBUG_INFO = NO;
				SDKROOT = iphoneos;
				SWIFT_OPTIMIZATION_LEVEL = "-Owholemodule";
				VALIDATE_PRODUCT = YES;
			};
			name = Release;
		};
		19E8D1DB1DE6A85A00C2258A /* Debug */ = {
			isa = XCBuildConfiguration;
			buildSettings = {
				ASSETCATALOG_COMPILER_APPICON_NAME = AppIcon;
				CLANG_ENABLE_MODULES = YES;
				DEVELOPMENT_TEAM = NSX3E7ME62;
				INFOPLIST_FILE = Weitful/Info.plist;
				LD_RUNPATH_SEARCH_PATHS = "$(inherited) @executable_path/Frameworks";
				PRODUCT_BUNDLE_IDENTIFIER = JuliaGaoMiller.Weitful;
				PRODUCT_NAME = "$(TARGET_NAME)";
				SWIFT_OPTIMIZATION_LEVEL = "-Onone";
				SWIFT_VERSION = 3.0;
			};
			name = Debug;
		};
		19E8D1DC1DE6A85A00C2258A /* Release */ = {
			isa = XCBuildConfiguration;
			buildSettings = {
				ASSETCATALOG_COMPILER_APPICON_NAME = AppIcon;
				CLANG_ENABLE_MODULES = YES;
				DEVELOPMENT_TEAM = NSX3E7ME62;
				INFOPLIST_FILE = Weitful/Info.plist;
				LD_RUNPATH_SEARCH_PATHS = "$(inherited) @executable_path/Frameworks";
				PRODUCT_BUNDLE_IDENTIFIER = JuliaGaoMiller.Weitful;
				PRODUCT_NAME = "$(TARGET_NAME)";
				SWIFT_VERSION = 3.0;
			};
			name = Release;
		};
/* End XCBuildConfiguration section */

/* Begin XCConfigurationList section */
		19E8D1C01DE6A85A00C2258A /* Build configuration list for PBXProject "Weitful" */ = {
			isa = XCConfigurationList;
			buildConfigurations = (
				19E8D1D81DE6A85A00C2258A /* Debug */,
				19E8D1D91DE6A85A00C2258A /* Release */,
			);
			defaultConfigurationIsVisible = 0;
			defaultConfigurationName = Release;
		};
		19E8D1DA1DE6A85A00C2258A /* Build configuration list for PBXNativeTarget "Weitful" */ = {
			isa = XCConfigurationList;
			buildConfigurations = (
				19E8D1DB1DE6A85A00C2258A /* Debug */,
				19E8D1DC1DE6A85A00C2258A /* Release */,
			);
			defaultConfigurationIsVisible = 0;
			defaultConfigurationName = Release;
		};
/* End XCConfigurationList section */

/* Begin XCVersionGroup section */
		19E8D1CF1DE6A85A00C2258A /* Weitful.xcdatamodeld */ = {
			isa = XCVersionGroup;
			children = (
				19E8D1D01DE6A85A00C2258A /* Weitful.xcdatamodel */,
			);
			currentVersion = 19E8D1D01DE6A85A00C2258A /* Weitful.xcdatamodel */;
			path = Weitful.xcdatamodeld;
			sourceTree = "<group>";
			versionGroupType = wrapper.xcdatamodel;
		};
/* End XCVersionGroup section */
	};
	rootObject = 19E8D1BD1DE6A85A00C2258A /* Project object */;
}
